
Microsoft Visual Studio Solution File, Format Version 12.00
# Visual Studio Version 17
VisualStudioVersion = 17.4.33122.133
MinimumVisualStudioVersion = 10.0.40219.1
Project("{FAE04EC0-301F-11D3-BF4B-00C04F79EFBC}") = "Exam-ASP.Net", "Exam-ASP.Net.csproj", "{33E436B6-3979-4962-805F-9FFB011AA04C}"
EndProject
Global
	GlobalSection(SolutionConfigurationPlatforms) = preSolution
		Debug|Any CPU = Debug|Any CPU
		Release|Any CPU = Release|Any CPU
	EndGlobalSection
	GlobalSection(ProjectConfigurationPlatforms) = postSolution
		{33E436B6-3979-4962-805F-9FFB011AA04C}.Debug|Any CPU.ActiveCfg = Debug|Any CPU
		{33E436B6-3979-4962-805F-9FFB011AA04C}.Debug|Any CPU.Build.0 = Debug|Any CPU
		{33E436B6-3979-4962-805F-9FFB011AA04C}.Release|Any CPU.ActiveCfg = Release|Any CPU
		{33E436B6-3979-4962-805F-9FFB011AA04C}.Release|Any CPU.Build.0 = Release|Any CPU
	EndGlobalSection
	GlobalSection(SolutionProperties) = preSolution
		HideSolutionNode = FALSE
	EndGlobalSection
	GlobalSection(ExtensibilityGlobals) = postSolution
		SolutionGuid = {02923E35-C0BB-490E-BFDC-849F288DD9BB}
	EndGlobalSection
EndGlobal
